
Microsoft Visual Studio Solution File, Format Version 12.00
# Visual Studio Version 17
VisualStudioVersion = 17.11.35327.3
MinimumVisualStudioVersion = 10.0.40219.1
Project("{9A19103F-16F7-4668-BE54-9A1E7A4F7556}") = "ex01", "ex01\ex01.csproj", "{C52CD5D0-A82D-49F8-A86B-3072081ED096}"
EndProject
Project("{9A19103F-16F7-4668-BE54-9A1E7A4F7556}") = "ex02", "ex02\ex02.csproj", "{E83F0D64-ECAF-4740-B8C6-DA8BB75C7697}"
EndProject
Project("{9A19103F-16F7-4668-BE54-9A1E7A4F7556}") = "ex03", "ex03\ex03.csproj", "{314DA889-D1F9-4CA6-830C-889DA07F055B}"
EndProject
Project("{9A19103F-16F7-4668-BE54-9A1E7A4F7556}") = "ex04", "ex04\ex04.csproj", "{6F76A907-21EA-43CE-ACAC-4D88F4779000}"
EndProject
Project("{9A19103F-16F7-4668-BE54-9A1E7A4F7556}") = "ex05", "ex05\ex05.csproj", "{3471BA56-B2DF-4970-8156-A2A7E53E1B6D}"
EndProject
Project("{FAE04EC0-301F-11D3-BF4B-00C04F79EFBC}") = "ex09", "ex09\ex09.csproj", "{65E5753D-BC0B-4A79-A280-9E3D456C37A7}"
EndProject
Project("{FAE04EC0-301F-11D3-BF4B-00C04F79EFBC}") = "ex07", "ex07\ex07.csproj", "{FF513B9A-C427-4B23-AD93-7038DE77DBC0}"
EndProject
Global
	GlobalSection(SolutionConfigurationPlatforms) = preSolution
		Debug|Any CPU = Debug|Any CPU
		Release|Any CPU = Release|Any CPU
	EndGlobalSection
	GlobalSection(ProjectConfigurationPlatforms) = postSolution
		{C52CD5D0-A82D-49F8-A86B-3072081ED096}.Debug|Any CPU.ActiveCfg = Debug|Any CPU
		{C52CD5D0-A82D-49F8-A86B-3072081ED096}.Debug|Any CPU.Build.0 = Debug|Any CPU
		{C52CD5D0-A82D-49F8-A86B-3072081ED096}.Release|Any CPU.ActiveCfg = Release|Any CPU
		{C52CD5D0-A82D-49F8-A86B-3072081ED096}.Release|Any CPU.Build.0 = Release|Any CPU
		{E83F0D64-ECAF-4740-B8C6-DA8BB75C7697}.Debug|Any CPU.ActiveCfg = Debug|Any CPU
		{E83F0D64-ECAF-4740-B8C6-DA8BB75C7697}.Debug|Any CPU.Build.0 = Debug|Any CPU
		{E83F0D64-ECAF-4740-B8C6-DA8BB75C7697}.Release|Any CPU.ActiveCfg = Release|Any CPU
		{E83F0D64-ECAF-4740-B8C6-DA8BB75C7697}.Release|Any CPU.Build.0 = Release|Any CPU
		{314DA889-D1F9-4CA6-830C-889DA07F055B}.Debug|Any CPU.ActiveCfg = Debug|Any CPU
		{314DA889-D1F9-4CA6-830C-889DA07F055B}.Debug|Any CPU.Build.0 = Debug|Any CPU
		{314DA889-D1F9-4CA6-830C-889DA07F055B}.Release|Any CPU.ActiveCfg = Release|Any CPU
		{314DA889-D1F9-4CA6-830C-889DA07F055B}.Release|Any CPU.Build.0 = Release|Any CPU
		{6F76A907-21EA-43CE-ACAC-4D88F4779000}.Debug|Any CPU.ActiveCfg = Debug|Any CPU
		{6F76A907-21EA-43CE-ACAC-4D88F4779000}.Debug|Any CPU.Build.0 = Debug|Any CPU
		{6F76A907-21EA-43CE-ACAC-4D88F4779000}.Release|Any CPU.ActiveCfg = Release|Any CPU
		{6F76A907-21EA-43CE-ACAC-4D88F4779000}.Release|Any CPU.Build.0 = Release|Any CPU
		{3471BA56-B2DF-4970-8156-A2A7E53E1B6D}.Debug|Any CPU.ActiveCfg = Debug|Any CPU
		{3471BA56-B2DF-4970-8156-A2A7E53E1B6D}.Debug|Any CPU.Build.0 = Debug|Any CPU
		{3471BA56-B2DF-4970-8156-A2A7E53E1B6D}.Release|Any CPU.ActiveCfg = Release|Any CPU
		{3471BA56-B2DF-4970-8156-A2A7E53E1B6D}.Release|Any CPU.Build.0 = Release|Any CPU
		{65E5753D-BC0B-4A79-A280-9E3D456C37A7}.Debug|Any CPU.ActiveCfg = Debug|Any CPU
		{65E5753D-BC0B-4A79-A280-9E3D456C37A7}.Debug|Any CPU.Build.0 = Debug|Any CPU
		{65E5753D-BC0B-4A79-A280-9E3D456C37A7}.Release|Any CPU.ActiveCfg = Release|Any CPU
		{65E5753D-BC0B-4A79-A280-9E3D456C37A7}.Release|Any CPU.Build.0 = Release|Any CPU
		{FF513B9A-C427-4B23-AD93-7038DE77DBC0}.Debug|Any CPU.ActiveCfg = Debug|Any CPU
		{FF513B9A-C427-4B23-AD93-7038DE77DBC0}.Debug|Any CPU.Build.0 = Debug|Any CPU
		{FF513B9A-C427-4B23-AD93-7038DE77DBC0}.Release|Any CPU.ActiveCfg = Release|Any CPU
		{FF513B9A-C427-4B23-AD93-7038DE77DBC0}.Release|Any CPU.Build.0 = Release|Any CPU
	EndGlobalSection
	GlobalSection(SolutionProperties) = preSolution
		HideSolutionNode = FALSE
	EndGlobalSection
	GlobalSection(ExtensibilityGlobals) = postSolution
		SolutionGuid = {8A38B298-9E33-4768-87F8-B205DEF5D3F6}
	EndGlobalSection
EndGlobal
