
Microsoft Visual Studio Solution File, Format Version 12.00
# Visual Studio Version 17
VisualStudioVersion = 17.11.35327.3
MinimumVisualStudioVersion = 10.0.40219.1
Project("{9A19103F-16F7-4668-BE54-9A1E7A4F7556}") = "ex01", "ex01\ex01.csproj", "{C52CD5D0-A82D-49F8-A86B-3072081ED096}"
EndProject
Project("{9A19103F-16F7-4668-BE54-9A1E7A4F7556}") = "ex02", "ex02\ex02.csproj", "{E83F0D64-ECAF-4740-B8C6-DA8BB75C7697}"
EndProject
Project("{9A19103F-16F7-4668-BE54-9A1E7A4F7556}") = "ex03", "ex03\ex03.csproj", "{314DA889-D1F9-4CA6-830C-889DA07F055B}"
EndProject
Project("{9A19103F-16F7-4668-BE54-9A1E7A4F7556}") = "ex04", "ex04\ex04.csproj", "{6F76A907-21EA-43CE-ACAC-4D88F4779000}"
EndProject
Project("{9A19103F-16F7-4668-BE54-9A1E7A4F7556}") = "ex05", "ex05\ex05.csproj", "{3471BA56-B2DF-4970-8156-A2A7E53E1B6D}"
EndProject
Project("{9A19103F-16F7-4668-BE54-9A1E7A4F7556}") = "ex07", "ex09\ex07.csproj", "{65E5753D-BC0B-4A79-A280-9E3D456C37A7}"
EndProject
Project("{9A19103F-16F7-4668-BE54-9A1E7A4F7556}") = "ex06", "ex07\ex06.csproj", "{FF513B9A-C427-4B23-AD93-7038DE77DBC0}"
EndProject
Project("{9A19103F-16F7-4668-BE54-9A1E7A4F7556}") = "ex08", "ex099\ex08.csproj", "{9D816C69-70AB-47BE-8D81-57B6A0717769}"
EndProject
Project("{9A19103F-16F7-4668-BE54-9A1E7A4F7556}") = "ex009", "ex009\ex009.csproj", "{1A867C31-60BE-4854-BA28-8813DBF7BE56}"
EndProject
Project("{FAE04EC0-301F-11D3-BF4B-00C04F79EFBC}") = "ex10", "ex10\ex10.csproj", "{B6E8367D-155D-42FF-BD65-CD12E6803569}"
EndProject
Project("{FAE04EC0-301F-11D3-BF4B-00C04F79EFBC}") = "ex11", "ex11\ex11.csproj", "{D726C538-D9BA-42B5-AA4F-13FBC60B2695}"
EndProject
Project("{FAE04EC0-301F-11D3-BF4B-00C04F79EFBC}") = "ex12", "ex12\ex12.csproj", "{49EBC884-81AD-47A4-A5C1-021A18801ABF}"
EndProject
Project("{FAE04EC0-301F-11D3-BF4B-00C04F79EFBC}") = "ex13", "ex13\ex13.csproj", "{50716C36-BD7F-4EBC-A0BB-6CF874B6B7A5}"
EndProject
Project("{FAE04EC0-301F-11D3-BF4B-00C04F79EFBC}") = "ex14", "ex14\ex14.csproj", "{3A5B45BE-FAC7-4295-8149-E840B4252078}"
EndProject
Project("{FAE04EC0-301F-11D3-BF4B-00C04F79EFBC}") = "ex15", "ex15\ex15.csproj", "{23846F59-6936-43C9-8ACD-74C5A974A2F1}"
EndProject
Project("{FAE04EC0-301F-11D3-BF4B-00C04F79EFBC}") = "ex16", "ex16\ex16.csproj", "{793EFEE9-D84F-4D07-BC30-4664A501E7C6}"
EndProject
Project("{FAE04EC0-301F-11D3-BF4B-00C04F79EFBC}") = "ex17", "ex17\ex17.csproj", "{5C3C4CFD-18A0-4971-BFB9-6C6DB435760A}"
EndProject
Global
	GlobalSection(SolutionConfigurationPlatforms) = preSolution
		Debug|Any CPU = Debug|Any CPU
		Release|Any CPU = Release|Any CPU
	EndGlobalSection
	GlobalSection(ProjectConfigurationPlatforms) = postSolution
		{C52CD5D0-A82D-49F8-A86B-3072081ED096}.Debug|Any CPU.ActiveCfg = Debug|Any CPU
		{C52CD5D0-A82D-49F8-A86B-3072081ED096}.Debug|Any CPU.Build.0 = Debug|Any CPU
		{C52CD5D0-A82D-49F8-A86B-3072081ED096}.Release|Any CPU.ActiveCfg = Release|Any CPU
		{C52CD5D0-A82D-49F8-A86B-3072081ED096}.Release|Any CPU.Build.0 = Release|Any CPU
		{E83F0D64-ECAF-4740-B8C6-DA8BB75C7697}.Debug|Any CPU.ActiveCfg = Debug|Any CPU
		{E83F0D64-ECAF-4740-B8C6-DA8BB75C7697}.Debug|Any CPU.Build.0 = Debug|Any CPU
		{E83F0D64-ECAF-4740-B8C6-DA8BB75C7697}.Release|Any CPU.ActiveCfg = Release|Any CPU
		{E83F0D64-ECAF-4740-B8C6-DA8BB75C7697}.Release|Any CPU.Build.0 = Release|Any CPU
		{314DA889-D1F9-4CA6-830C-889DA07F055B}.Debug|Any CPU.ActiveCfg = Debug|Any CPU
		{314DA889-D1F9-4CA6-830C-889DA07F055B}.Debug|Any CPU.Build.0 = Debug|Any CPU
		{314DA889-D1F9-4CA6-830C-889DA07F055B}.Release|Any CPU.ActiveCfg = Release|Any CPU
		{314DA889-D1F9-4CA6-830C-889DA07F055B}.Release|Any CPU.Build.0 = Release|Any CPU
		{6F76A907-21EA-43CE-ACAC-4D88F4779000}.Debug|Any CPU.ActiveCfg = Debug|Any CPU
		{6F76A907-21EA-43CE-ACAC-4D88F4779000}.Debug|Any CPU.Build.0 = Debug|Any CPU
		{6F76A907-21EA-43CE-ACAC-4D88F4779000}.Release|Any CPU.ActiveCfg = Release|Any CPU
		{6F76A907-21EA-43CE-ACAC-4D88F4779000}.Release|Any CPU.Build.0 = Release|Any CPU
		{3471BA56-B2DF-4970-8156-A2A7E53E1B6D}.Debug|Any CPU.ActiveCfg = Debug|Any CPU
		{3471BA56-B2DF-4970-8156-A2A7E53E1B6D}.Debug|Any CPU.Build.0 = Debug|Any CPU
		{3471BA56-B2DF-4970-8156-A2A7E53E1B6D}.Release|Any CPU.ActiveCfg = Release|Any CPU
		{3471BA56-B2DF-4970-8156-A2A7E53E1B6D}.Release|Any CPU.Build.0 = Release|Any CPU
		{65E5753D-BC0B-4A79-A280-9E3D456C37A7}.Debug|Any CPU.ActiveCfg = Debug|Any CPU
		{65E5753D-BC0B-4A79-A280-9E3D456C37A7}.Debug|Any CPU.Build.0 = Debug|Any CPU
		{65E5753D-BC0B-4A79-A280-9E3D456C37A7}.Release|Any CPU.ActiveCfg = Release|Any CPU
		{65E5753D-BC0B-4A79-A280-9E3D456C37A7}.Release|Any CPU.Build.0 = Release|Any CPU
		{FF513B9A-C427-4B23-AD93-7038DE77DBC0}.Debug|Any CPU.ActiveCfg = Debug|Any CPU
		{FF513B9A-C427-4B23-AD93-7038DE77DBC0}.Debug|Any CPU.Build.0 = Debug|Any CPU
		{FF513B9A-C427-4B23-AD93-7038DE77DBC0}.Release|Any CPU.ActiveCfg = Release|Any CPU
		{FF513B9A-C427-4B23-AD93-7038DE77DBC0}.Release|Any CPU.Build.0 = Release|Any CPU
		{9D816C69-70AB-47BE-8D81-57B6A0717769}.Debug|Any CPU.ActiveCfg = Debug|Any CPU
		{9D816C69-70AB-47BE-8D81-57B6A0717769}.Debug|Any CPU.Build.0 = Debug|Any CPU
		{9D816C69-70AB-47BE-8D81-57B6A0717769}.Release|Any CPU.ActiveCfg = Release|Any CPU
		{9D816C69-70AB-47BE-8D81-57B6A0717769}.Release|Any CPU.Build.0 = Release|Any CPU
		{1A867C31-60BE-4854-BA28-8813DBF7BE56}.Debug|Any CPU.ActiveCfg = Debug|Any CPU
		{1A867C31-60BE-4854-BA28-8813DBF7BE56}.Debug|Any CPU.Build.0 = Debug|Any CPU
		{1A867C31-60BE-4854-BA28-8813DBF7BE56}.Release|Any CPU.ActiveCfg = Release|Any CPU
		{1A867C31-60BE-4854-BA28-8813DBF7BE56}.Release|Any CPU.Build.0 = Release|Any CPU
		{B6E8367D-155D-42FF-BD65-CD12E6803569}.Debug|Any CPU.ActiveCfg = Debug|Any CPU
		{B6E8367D-155D-42FF-BD65-CD12E6803569}.Debug|Any CPU.Build.0 = Debug|Any CPU
		{B6E8367D-155D-42FF-BD65-CD12E6803569}.Release|Any CPU.ActiveCfg = Release|Any CPU
		{B6E8367D-155D-42FF-BD65-CD12E6803569}.Release|Any CPU.Build.0 = Release|Any CPU
		{D726C538-D9BA-42B5-AA4F-13FBC60B2695}.Debug|Any CPU.ActiveCfg = Debug|Any CPU
		{D726C538-D9BA-42B5-AA4F-13FBC60B2695}.Debug|Any CPU.Build.0 = Debug|Any CPU
		{D726C538-D9BA-42B5-AA4F-13FBC60B2695}.Release|Any CPU.ActiveCfg = Release|Any CPU
		{D726C538-D9BA-42B5-AA4F-13FBC60B2695}.Release|Any CPU.Build.0 = Release|Any CPU
		{49EBC884-81AD-47A4-A5C1-021A18801ABF}.Debug|Any CPU.ActiveCfg = Debug|Any CPU
		{49EBC884-81AD-47A4-A5C1-021A18801ABF}.Debug|Any CPU.Build.0 = Debug|Any CPU
		{49EBC884-81AD-47A4-A5C1-021A18801ABF}.Release|Any CPU.ActiveCfg = Release|Any CPU
		{49EBC884-81AD-47A4-A5C1-021A18801ABF}.Release|Any CPU.Build.0 = Release|Any CPU
		{50716C36-BD7F-4EBC-A0BB-6CF874B6B7A5}.Debug|Any CPU.ActiveCfg = Debug|Any CPU
		{50716C36-BD7F-4EBC-A0BB-6CF874B6B7A5}.Debug|Any CPU.Build.0 = Debug|Any CPU
		{50716C36-BD7F-4EBC-A0BB-6CF874B6B7A5}.Release|Any CPU.ActiveCfg = Release|Any CPU
		{50716C36-BD7F-4EBC-A0BB-6CF874B6B7A5}.Release|Any CPU.Build.0 = Release|Any CPU
		{3A5B45BE-FAC7-4295-8149-E840B4252078}.Debug|Any CPU.ActiveCfg = Debug|Any CPU
		{3A5B45BE-FAC7-4295-8149-E840B4252078}.Debug|Any CPU.Build.0 = Debug|Any CPU
		{3A5B45BE-FAC7-4295-8149-E840B4252078}.Release|Any CPU.ActiveCfg = Release|Any CPU
		{3A5B45BE-FAC7-4295-8149-E840B4252078}.Release|Any CPU.Build.0 = Release|Any CPU
		{23846F59-6936-43C9-8ACD-74C5A974A2F1}.Debug|Any CPU.ActiveCfg = Debug|Any CPU
		{23846F59-6936-43C9-8ACD-74C5A974A2F1}.Debug|Any CPU.Build.0 = Debug|Any CPU
		{23846F59-6936-43C9-8ACD-74C5A974A2F1}.Release|Any CPU.ActiveCfg = Release|Any CPU
		{23846F59-6936-43C9-8ACD-74C5A974A2F1}.Release|Any CPU.Build.0 = Release|Any CPU
		{793EFEE9-D84F-4D07-BC30-4664A501E7C6}.Debug|Any CPU.ActiveCfg = Debug|Any CPU
		{793EFEE9-D84F-4D07-BC30-4664A501E7C6}.Debug|Any CPU.Build.0 = Debug|Any CPU
		{793EFEE9-D84F-4D07-BC30-4664A501E7C6}.Release|Any CPU.ActiveCfg = Release|Any CPU
		{793EFEE9-D84F-4D07-BC30-4664A501E7C6}.Release|Any CPU.Build.0 = Release|Any CPU
		{5C3C4CFD-18A0-4971-BFB9-6C6DB435760A}.Debug|Any CPU.ActiveCfg = Debug|Any CPU
		{5C3C4CFD-18A0-4971-BFB9-6C6DB435760A}.Debug|Any CPU.Build.0 = Debug|Any CPU
		{5C3C4CFD-18A0-4971-BFB9-6C6DB435760A}.Release|Any CPU.ActiveCfg = Release|Any CPU
		{5C3C4CFD-18A0-4971-BFB9-6C6DB435760A}.Release|Any CPU.Build.0 = Release|Any CPU
	EndGlobalSection
	GlobalSection(SolutionProperties) = preSolution
		HideSolutionNode = FALSE
	EndGlobalSection
	GlobalSection(ExtensibilityGlobals) = postSolution
		SolutionGuid = {8A38B298-9E33-4768-87F8-B205DEF5D3F6}
	EndGlobalSection
EndGlobal
