
Microsoft Visual Studio Solution File, Format Version 12.00
# Visual Studio Version 17
VisualStudioVersion = 17.11.35327.3
MinimumVisualStudioVersion = 10.0.40219.1
Project("{9A19103F-16F7-4668-BE54-9A1E7A4F7556}") = "ex01", "ex01\ex01.csproj", "{C52CD5D0-A82D-49F8-A86B-3072081ED096}"
EndProject
Project("{9A19103F-16F7-4668-BE54-9A1E7A4F7556}") = "ex02", "ex02\ex02.csproj", "{E83F0D64-ECAF-4740-B8C6-DA8BB75C7697}"
EndProject
Project("{9A19103F-16F7-4668-BE54-9A1E7A4F7556}") = "ex03", "ex03\ex03.csproj", "{314DA889-D1F9-4CA6-830C-889DA07F055B}"
EndProject
Project("{9A19103F-16F7-4668-BE54-9A1E7A4F7556}") = "ex04", "ex04\ex04.csproj", "{6F76A907-21EA-43CE-ACAC-4D88F4779000}"
EndProject
Project("{9A19103F-16F7-4668-BE54-9A1E7A4F7556}") = "ex05", "ex05\ex05.csproj", "{3471BA56-B2DF-4970-8156-A2A7E53E1B6D}"
EndProject
Project("{9A19103F-16F7-4668-BE54-9A1E7A4F7556}") = "ex07", "ex09\ex07.csproj", "{65E5753D-BC0B-4A79-A280-9E3D456C37A7}"
EndProject
Project("{9A19103F-16F7-4668-BE54-9A1E7A4F7556}") = "ex06", "ex07\ex06.csproj", "{FF513B9A-C427-4B23-AD93-7038DE77DBC0}"
EndProject
Project("{9A19103F-16F7-4668-BE54-9A1E7A4F7556}") = "ex08", "ex099\ex08.csproj", "{9D816C69-70AB-47BE-8D81-57B6A0717769}"
EndProject
Project("{9A19103F-16F7-4668-BE54-9A1E7A4F7556}") = "ex009", "ex009\ex009.csproj", "{1A867C31-60BE-4854-BA28-8813DBF7BE56}"
EndProject
Project("{9A19103F-16F7-4668-BE54-9A1E7A4F7556}") = "ex10", "ex10\ex10.csproj", "{B6E8367D-155D-42FF-BD65-CD12E6803569}"
EndProject
Project("{9A19103F-16F7-4668-BE54-9A1E7A4F7556}") = "ex11", "ex11\ex11.csproj", "{D726C538-D9BA-42B5-AA4F-13FBC60B2695}"
EndProject
Project("{9A19103F-16F7-4668-BE54-9A1E7A4F7556}") = "ex12", "ex12\ex12.csproj", "{49EBC884-81AD-47A4-A5C1-021A18801ABF}"
EndProject
Project("{9A19103F-16F7-4668-BE54-9A1E7A4F7556}") = "ex13", "ex13\ex13.csproj", "{50716C36-BD7F-4EBC-A0BB-6CF874B6B7A5}"
EndProject
Project("{9A19103F-16F7-4668-BE54-9A1E7A4F7556}") = "ex14", "ex14\ex14.csproj", "{3A5B45BE-FAC7-4295-8149-E840B4252078}"
EndProject
Project("{9A19103F-16F7-4668-BE54-9A1E7A4F7556}") = "ex15", "ex15\ex15.csproj", "{23846F59-6936-43C9-8ACD-74C5A974A2F1}"
EndProject
Project("{9A19103F-16F7-4668-BE54-9A1E7A4F7556}") = "ex16", "ex16\ex16.csproj", "{793EFEE9-D84F-4D07-BC30-4664A501E7C6}"
EndProject
Project("{9A19103F-16F7-4668-BE54-9A1E7A4F7556}") = "ex17", "ex17\ex17.csproj", "{5C3C4CFD-18A0-4971-BFB9-6C6DB435760A}"
EndProject
Project("{9A19103F-16F7-4668-BE54-9A1E7A4F7556}") = "ex18", "ex18\ex18.csproj", "{11FA308B-DB39-408A-8700-1A1FF840FA60}"
EndProject
Project("{9A19103F-16F7-4668-BE54-9A1E7A4F7556}") = "ex19", "ex19\ex19.csproj", "{A15B2E1C-5717-4476-9675-F13A7A44C97E}"
EndProject
Project("{9A19103F-16F7-4668-BE54-9A1E7A4F7556}") = "ex20", "ex20\ex20.csproj", "{CC68038C-77B4-45C6-8E73-8FC13C447A68}"
EndProject
Project("{9A19103F-16F7-4668-BE54-9A1E7A4F7556}") = "ex21", "ex21\ex21.csproj", "{F81404FC-2BB2-4B77-B0CB-CA70D8892A18}"
EndProject
Project("{9A19103F-16F7-4668-BE54-9A1E7A4F7556}") = "ex22", "ex22\ex22.csproj", "{660F37EE-F429-4F12-AC41-6F16A205F904}"
EndProject
Project("{9A19103F-16F7-4668-BE54-9A1E7A4F7556}") = "ex23", "ex23\ex23.csproj", "{3327F074-DF2B-4EB3-9D6C-062C895F8433}"
EndProject
Project("{9A19103F-16F7-4668-BE54-9A1E7A4F7556}") = "ex24", "ex24\ex24.csproj", "{8ABCB3CD-E3FD-4BED-83B9-856D2B0E6BC9}"
EndProject
Project("{9A19103F-16F7-4668-BE54-9A1E7A4F7556}") = "ex25", "ex25\ex25.csproj", "{36353C55-A61B-4A19-8E37-8433F4AA9D28}"
EndProject
Project("{9A19103F-16F7-4668-BE54-9A1E7A4F7556}") = "ex26", "ex26\ex26.csproj", "{E388ED2D-B66A-4AFF-AF9B-EF3F9DB49ACF}"
EndProject
Project("{9A19103F-16F7-4668-BE54-9A1E7A4F7556}") = "ex27", "ex27\ex27.csproj", "{E0AE343C-45B1-40CE-AE41-7E901296FBE5}"
EndProject
Project("{9A19103F-16F7-4668-BE54-9A1E7A4F7556}") = "ex28", "ex28\ex28.csproj", "{D6DBB9F2-53B1-4CA9-9992-AF6ACFC5F74E}"
EndProject
Project("{9A19103F-16F7-4668-BE54-9A1E7A4F7556}") = "desafio01", "desafio01\desafio01.csproj", "{F27E3346-26A7-4A21-9C1E-9639242BB274}"
EndProject
Project("{9A19103F-16F7-4668-BE54-9A1E7A4F7556}") = "desafio2", "desafio2\desafio2.csproj", "{6B23D8A7-019D-4E89-AF91-C5FD9676D483}"
EndProject
Project("{9A19103F-16F7-4668-BE54-9A1E7A4F7556}") = "desafio04", "desafio04\desafio04.csproj", "{0D8FB3DD-FCBE-40BA-81CA-610C6637EE6F}"
EndProject
Project("{9A19103F-16F7-4668-BE54-9A1E7A4F7556}") = "desafio03", "desafio03\desafio03.csproj", "{CCE6D1D4-79EC-41B0-8FA5-0465F8C4B50A}"
EndProject
Project("{FAE04EC0-301F-11D3-BF4B-00C04F79EFBC}") = "desafio05", "desafio05\desafio05.csproj", "{A56A7ABC-8E1C-45C3-8512-A53B760A4C5D}"
EndProject
Project("{FAE04EC0-301F-11D3-BF4B-00C04F79EFBC}") = "desafio06", "desafio06\desafio06.csproj", "{937E0B27-7F1E-482B-BF2F-E2739ED22870}"
EndProject
Global
	GlobalSection(SolutionConfigurationPlatforms) = preSolution
		Debug|Any CPU = Debug|Any CPU
		Release|Any CPU = Release|Any CPU
	EndGlobalSection
	GlobalSection(ProjectConfigurationPlatforms) = postSolution
		{C52CD5D0-A82D-49F8-A86B-3072081ED096}.Debug|Any CPU.ActiveCfg = Debug|Any CPU
		{C52CD5D0-A82D-49F8-A86B-3072081ED096}.Debug|Any CPU.Build.0 = Debug|Any CPU
		{C52CD5D0-A82D-49F8-A86B-3072081ED096}.Release|Any CPU.ActiveCfg = Release|Any CPU
		{C52CD5D0-A82D-49F8-A86B-3072081ED096}.Release|Any CPU.Build.0 = Release|Any CPU
		{E83F0D64-ECAF-4740-B8C6-DA8BB75C7697}.Debug|Any CPU.ActiveCfg = Debug|Any CPU
		{E83F0D64-ECAF-4740-B8C6-DA8BB75C7697}.Debug|Any CPU.Build.0 = Debug|Any CPU
		{E83F0D64-ECAF-4740-B8C6-DA8BB75C7697}.Release|Any CPU.ActiveCfg = Release|Any CPU
		{E83F0D64-ECAF-4740-B8C6-DA8BB75C7697}.Release|Any CPU.Build.0 = Release|Any CPU
		{314DA889-D1F9-4CA6-830C-889DA07F055B}.Debug|Any CPU.ActiveCfg = Debug|Any CPU
		{314DA889-D1F9-4CA6-830C-889DA07F055B}.Debug|Any CPU.Build.0 = Debug|Any CPU
		{314DA889-D1F9-4CA6-830C-889DA07F055B}.Release|Any CPU.ActiveCfg = Release|Any CPU
		{314DA889-D1F9-4CA6-830C-889DA07F055B}.Release|Any CPU.Build.0 = Release|Any CPU
		{6F76A907-21EA-43CE-ACAC-4D88F4779000}.Debug|Any CPU.ActiveCfg = Debug|Any CPU
		{6F76A907-21EA-43CE-ACAC-4D88F4779000}.Debug|Any CPU.Build.0 = Debug|Any CPU
		{6F76A907-21EA-43CE-ACAC-4D88F4779000}.Release|Any CPU.ActiveCfg = Release|Any CPU
		{6F76A907-21EA-43CE-ACAC-4D88F4779000}.Release|Any CPU.Build.0 = Release|Any CPU
		{3471BA56-B2DF-4970-8156-A2A7E53E1B6D}.Debug|Any CPU.ActiveCfg = Debug|Any CPU
		{3471BA56-B2DF-4970-8156-A2A7E53E1B6D}.Debug|Any CPU.Build.0 = Debug|Any CPU
		{3471BA56-B2DF-4970-8156-A2A7E53E1B6D}.Release|Any CPU.ActiveCfg = Release|Any CPU
		{3471BA56-B2DF-4970-8156-A2A7E53E1B6D}.Release|Any CPU.Build.0 = Release|Any CPU
		{65E5753D-BC0B-4A79-A280-9E3D456C37A7}.Debug|Any CPU.ActiveCfg = Debug|Any CPU
		{65E5753D-BC0B-4A79-A280-9E3D456C37A7}.Debug|Any CPU.Build.0 = Debug|Any CPU
		{65E5753D-BC0B-4A79-A280-9E3D456C37A7}.Release|Any CPU.ActiveCfg = Release|Any CPU
		{65E5753D-BC0B-4A79-A280-9E3D456C37A7}.Release|Any CPU.Build.0 = Release|Any CPU
		{FF513B9A-C427-4B23-AD93-7038DE77DBC0}.Debug|Any CPU.ActiveCfg = Debug|Any CPU
		{FF513B9A-C427-4B23-AD93-7038DE77DBC0}.Debug|Any CPU.Build.0 = Debug|Any CPU
		{FF513B9A-C427-4B23-AD93-7038DE77DBC0}.Release|Any CPU.ActiveCfg = Release|Any CPU
		{FF513B9A-C427-4B23-AD93-7038DE77DBC0}.Release|Any CPU.Build.0 = Release|Any CPU
		{9D816C69-70AB-47BE-8D81-57B6A0717769}.Debug|Any CPU.ActiveCfg = Debug|Any CPU
		{9D816C69-70AB-47BE-8D81-57B6A0717769}.Debug|Any CPU.Build.0 = Debug|Any CPU
		{9D816C69-70AB-47BE-8D81-57B6A0717769}.Release|Any CPU.ActiveCfg = Release|Any CPU
		{9D816C69-70AB-47BE-8D81-57B6A0717769}.Release|Any CPU.Build.0 = Release|Any CPU
		{1A867C31-60BE-4854-BA28-8813DBF7BE56}.Debug|Any CPU.ActiveCfg = Debug|Any CPU
		{1A867C31-60BE-4854-BA28-8813DBF7BE56}.Debug|Any CPU.Build.0 = Debug|Any CPU
		{1A867C31-60BE-4854-BA28-8813DBF7BE56}.Release|Any CPU.ActiveCfg = Release|Any CPU
		{1A867C31-60BE-4854-BA28-8813DBF7BE56}.Release|Any CPU.Build.0 = Release|Any CPU
		{B6E8367D-155D-42FF-BD65-CD12E6803569}.Debug|Any CPU.ActiveCfg = Debug|Any CPU
		{B6E8367D-155D-42FF-BD65-CD12E6803569}.Debug|Any CPU.Build.0 = Debug|Any CPU
		{B6E8367D-155D-42FF-BD65-CD12E6803569}.Release|Any CPU.ActiveCfg = Release|Any CPU
		{B6E8367D-155D-42FF-BD65-CD12E6803569}.Release|Any CPU.Build.0 = Release|Any CPU
		{D726C538-D9BA-42B5-AA4F-13FBC60B2695}.Debug|Any CPU.ActiveCfg = Debug|Any CPU
		{D726C538-D9BA-42B5-AA4F-13FBC60B2695}.Debug|Any CPU.Build.0 = Debug|Any CPU
		{D726C538-D9BA-42B5-AA4F-13FBC60B2695}.Release|Any CPU.ActiveCfg = Release|Any CPU
		{D726C538-D9BA-42B5-AA4F-13FBC60B2695}.Release|Any CPU.Build.0 = Release|Any CPU
		{49EBC884-81AD-47A4-A5C1-021A18801ABF}.Debug|Any CPU.ActiveCfg = Debug|Any CPU
		{49EBC884-81AD-47A4-A5C1-021A18801ABF}.Debug|Any CPU.Build.0 = Debug|Any CPU
		{49EBC884-81AD-47A4-A5C1-021A18801ABF}.Release|Any CPU.ActiveCfg = Release|Any CPU
		{49EBC884-81AD-47A4-A5C1-021A18801ABF}.Release|Any CPU.Build.0 = Release|Any CPU
		{50716C36-BD7F-4EBC-A0BB-6CF874B6B7A5}.Debug|Any CPU.ActiveCfg = Debug|Any CPU
		{50716C36-BD7F-4EBC-A0BB-6CF874B6B7A5}.Debug|Any CPU.Build.0 = Debug|Any CPU
		{50716C36-BD7F-4EBC-A0BB-6CF874B6B7A5}.Release|Any CPU.ActiveCfg = Release|Any CPU
		{50716C36-BD7F-4EBC-A0BB-6CF874B6B7A5}.Release|Any CPU.Build.0 = Release|Any CPU
		{3A5B45BE-FAC7-4295-8149-E840B4252078}.Debug|Any CPU.ActiveCfg = Debug|Any CPU
		{3A5B45BE-FAC7-4295-8149-E840B4252078}.Debug|Any CPU.Build.0 = Debug|Any CPU
		{3A5B45BE-FAC7-4295-8149-E840B4252078}.Release|Any CPU.ActiveCfg = Release|Any CPU
		{3A5B45BE-FAC7-4295-8149-E840B4252078}.Release|Any CPU.Build.0 = Release|Any CPU
		{23846F59-6936-43C9-8ACD-74C5A974A2F1}.Debug|Any CPU.ActiveCfg = Debug|Any CPU
		{23846F59-6936-43C9-8ACD-74C5A974A2F1}.Debug|Any CPU.Build.0 = Debug|Any CPU
		{23846F59-6936-43C9-8ACD-74C5A974A2F1}.Release|Any CPU.ActiveCfg = Release|Any CPU
		{23846F59-6936-43C9-8ACD-74C5A974A2F1}.Release|Any CPU.Build.0 = Release|Any CPU
		{793EFEE9-D84F-4D07-BC30-4664A501E7C6}.Debug|Any CPU.ActiveCfg = Debug|Any CPU
		{793EFEE9-D84F-4D07-BC30-4664A501E7C6}.Debug|Any CPU.Build.0 = Debug|Any CPU
		{793EFEE9-D84F-4D07-BC30-4664A501E7C6}.Release|Any CPU.ActiveCfg = Release|Any CPU
		{793EFEE9-D84F-4D07-BC30-4664A501E7C6}.Release|Any CPU.Build.0 = Release|Any CPU
		{5C3C4CFD-18A0-4971-BFB9-6C6DB435760A}.Debug|Any CPU.ActiveCfg = Debug|Any CPU
		{5C3C4CFD-18A0-4971-BFB9-6C6DB435760A}.Debug|Any CPU.Build.0 = Debug|Any CPU
		{5C3C4CFD-18A0-4971-BFB9-6C6DB435760A}.Release|Any CPU.ActiveCfg = Release|Any CPU
		{5C3C4CFD-18A0-4971-BFB9-6C6DB435760A}.Release|Any CPU.Build.0 = Release|Any CPU
		{11FA308B-DB39-408A-8700-1A1FF840FA60}.Debug|Any CPU.ActiveCfg = Debug|Any CPU
		{11FA308B-DB39-408A-8700-1A1FF840FA60}.Debug|Any CPU.Build.0 = Debug|Any CPU
		{11FA308B-DB39-408A-8700-1A1FF840FA60}.Release|Any CPU.ActiveCfg = Release|Any CPU
		{11FA308B-DB39-408A-8700-1A1FF840FA60}.Release|Any CPU.Build.0 = Release|Any CPU
		{A15B2E1C-5717-4476-9675-F13A7A44C97E}.Debug|Any CPU.ActiveCfg = Debug|Any CPU
		{A15B2E1C-5717-4476-9675-F13A7A44C97E}.Debug|Any CPU.Build.0 = Debug|Any CPU
		{A15B2E1C-5717-4476-9675-F13A7A44C97E}.Release|Any CPU.ActiveCfg = Release|Any CPU
		{A15B2E1C-5717-4476-9675-F13A7A44C97E}.Release|Any CPU.Build.0 = Release|Any CPU
		{CC68038C-77B4-45C6-8E73-8FC13C447A68}.Debug|Any CPU.ActiveCfg = Debug|Any CPU
		{CC68038C-77B4-45C6-8E73-8FC13C447A68}.Debug|Any CPU.Build.0 = Debug|Any CPU
		{CC68038C-77B4-45C6-8E73-8FC13C447A68}.Release|Any CPU.ActiveCfg = Release|Any CPU
		{CC68038C-77B4-45C6-8E73-8FC13C447A68}.Release|Any CPU.Build.0 = Release|Any CPU
		{F81404FC-2BB2-4B77-B0CB-CA70D8892A18}.Debug|Any CPU.ActiveCfg = Debug|Any CPU
		{F81404FC-2BB2-4B77-B0CB-CA70D8892A18}.Debug|Any CPU.Build.0 = Debug|Any CPU
		{F81404FC-2BB2-4B77-B0CB-CA70D8892A18}.Release|Any CPU.ActiveCfg = Release|Any CPU
		{F81404FC-2BB2-4B77-B0CB-CA70D8892A18}.Release|Any CPU.Build.0 = Release|Any CPU
		{660F37EE-F429-4F12-AC41-6F16A205F904}.Debug|Any CPU.ActiveCfg = Debug|Any CPU
		{660F37EE-F429-4F12-AC41-6F16A205F904}.Debug|Any CPU.Build.0 = Debug|Any CPU
		{660F37EE-F429-4F12-AC41-6F16A205F904}.Release|Any CPU.ActiveCfg = Release|Any CPU
		{660F37EE-F429-4F12-AC41-6F16A205F904}.Release|Any CPU.Build.0 = Release|Any CPU
		{3327F074-DF2B-4EB3-9D6C-062C895F8433}.Debug|Any CPU.ActiveCfg = Debug|Any CPU
		{3327F074-DF2B-4EB3-9D6C-062C895F8433}.Debug|Any CPU.Build.0 = Debug|Any CPU
		{3327F074-DF2B-4EB3-9D6C-062C895F8433}.Release|Any CPU.ActiveCfg = Release|Any CPU
		{3327F074-DF2B-4EB3-9D6C-062C895F8433}.Release|Any CPU.Build.0 = Release|Any CPU
		{8ABCB3CD-E3FD-4BED-83B9-856D2B0E6BC9}.Debug|Any CPU.ActiveCfg = Debug|Any CPU
		{8ABCB3CD-E3FD-4BED-83B9-856D2B0E6BC9}.Debug|Any CPU.Build.0 = Debug|Any CPU
		{8ABCB3CD-E3FD-4BED-83B9-856D2B0E6BC9}.Release|Any CPU.ActiveCfg = Release|Any CPU
		{8ABCB3CD-E3FD-4BED-83B9-856D2B0E6BC9}.Release|Any CPU.Build.0 = Release|Any CPU
		{36353C55-A61B-4A19-8E37-8433F4AA9D28}.Debug|Any CPU.ActiveCfg = Debug|Any CPU
		{36353C55-A61B-4A19-8E37-8433F4AA9D28}.Debug|Any CPU.Build.0 = Debug|Any CPU
		{36353C55-A61B-4A19-8E37-8433F4AA9D28}.Release|Any CPU.ActiveCfg = Release|Any CPU
		{36353C55-A61B-4A19-8E37-8433F4AA9D28}.Release|Any CPU.Build.0 = Release|Any CPU
		{E388ED2D-B66A-4AFF-AF9B-EF3F9DB49ACF}.Debug|Any CPU.ActiveCfg = Debug|Any CPU
		{E388ED2D-B66A-4AFF-AF9B-EF3F9DB49ACF}.Debug|Any CPU.Build.0 = Debug|Any CPU
		{E388ED2D-B66A-4AFF-AF9B-EF3F9DB49ACF}.Release|Any CPU.ActiveCfg = Release|Any CPU
		{E388ED2D-B66A-4AFF-AF9B-EF3F9DB49ACF}.Release|Any CPU.Build.0 = Release|Any CPU
		{E0AE343C-45B1-40CE-AE41-7E901296FBE5}.Debug|Any CPU.ActiveCfg = Debug|Any CPU
		{E0AE343C-45B1-40CE-AE41-7E901296FBE5}.Debug|Any CPU.Build.0 = Debug|Any CPU
		{E0AE343C-45B1-40CE-AE41-7E901296FBE5}.Release|Any CPU.ActiveCfg = Release|Any CPU
		{E0AE343C-45B1-40CE-AE41-7E901296FBE5}.Release|Any CPU.Build.0 = Release|Any CPU
		{D6DBB9F2-53B1-4CA9-9992-AF6ACFC5F74E}.Debug|Any CPU.ActiveCfg = Debug|Any CPU
		{D6DBB9F2-53B1-4CA9-9992-AF6ACFC5F74E}.Debug|Any CPU.Build.0 = Debug|Any CPU
		{D6DBB9F2-53B1-4CA9-9992-AF6ACFC5F74E}.Release|Any CPU.ActiveCfg = Release|Any CPU
		{D6DBB9F2-53B1-4CA9-9992-AF6ACFC5F74E}.Release|Any CPU.Build.0 = Release|Any CPU
		{F27E3346-26A7-4A21-9C1E-9639242BB274}.Debug|Any CPU.ActiveCfg = Debug|Any CPU
		{F27E3346-26A7-4A21-9C1E-9639242BB274}.Debug|Any CPU.Build.0 = Debug|Any CPU
		{F27E3346-26A7-4A21-9C1E-9639242BB274}.Release|Any CPU.ActiveCfg = Release|Any CPU
		{F27E3346-26A7-4A21-9C1E-9639242BB274}.Release|Any CPU.Build.0 = Release|Any CPU
		{6B23D8A7-019D-4E89-AF91-C5FD9676D483}.Debug|Any CPU.ActiveCfg = Debug|Any CPU
		{6B23D8A7-019D-4E89-AF91-C5FD9676D483}.Debug|Any CPU.Build.0 = Debug|Any CPU
		{6B23D8A7-019D-4E89-AF91-C5FD9676D483}.Release|Any CPU.ActiveCfg = Release|Any CPU
		{6B23D8A7-019D-4E89-AF91-C5FD9676D483}.Release|Any CPU.Build.0 = Release|Any CPU
		{0D8FB3DD-FCBE-40BA-81CA-610C6637EE6F}.Debug|Any CPU.ActiveCfg = Debug|Any CPU
		{0D8FB3DD-FCBE-40BA-81CA-610C6637EE6F}.Debug|Any CPU.Build.0 = Debug|Any CPU
		{0D8FB3DD-FCBE-40BA-81CA-610C6637EE6F}.Release|Any CPU.ActiveCfg = Release|Any CPU
		{0D8FB3DD-FCBE-40BA-81CA-610C6637EE6F}.Release|Any CPU.Build.0 = Release|Any CPU
		{CCE6D1D4-79EC-41B0-8FA5-0465F8C4B50A}.Debug|Any CPU.ActiveCfg = Debug|Any CPU
		{CCE6D1D4-79EC-41B0-8FA5-0465F8C4B50A}.Debug|Any CPU.Build.0 = Debug|Any CPU
		{CCE6D1D4-79EC-41B0-8FA5-0465F8C4B50A}.Release|Any CPU.ActiveCfg = Release|Any CPU
		{CCE6D1D4-79EC-41B0-8FA5-0465F8C4B50A}.Release|Any CPU.Build.0 = Release|Any CPU
		{A56A7ABC-8E1C-45C3-8512-A53B760A4C5D}.Debug|Any CPU.ActiveCfg = Debug|Any CPU
		{A56A7ABC-8E1C-45C3-8512-A53B760A4C5D}.Debug|Any CPU.Build.0 = Debug|Any CPU
		{A56A7ABC-8E1C-45C3-8512-A53B760A4C5D}.Release|Any CPU.ActiveCfg = Release|Any CPU
		{A56A7ABC-8E1C-45C3-8512-A53B760A4C5D}.Release|Any CPU.Build.0 = Release|Any CPU
		{937E0B27-7F1E-482B-BF2F-E2739ED22870}.Debug|Any CPU.ActiveCfg = Debug|Any CPU
		{937E0B27-7F1E-482B-BF2F-E2739ED22870}.Debug|Any CPU.Build.0 = Debug|Any CPU
		{937E0B27-7F1E-482B-BF2F-E2739ED22870}.Release|Any CPU.ActiveCfg = Release|Any CPU
		{937E0B27-7F1E-482B-BF2F-E2739ED22870}.Release|Any CPU.Build.0 = Release|Any CPU
	EndGlobalSection
	GlobalSection(SolutionProperties) = preSolution
		HideSolutionNode = FALSE
	EndGlobalSection
	GlobalSection(ExtensibilityGlobals) = postSolution
		SolutionGuid = {8A38B298-9E33-4768-87F8-B205DEF5D3F6}
	EndGlobalSection
EndGlobal
